
Microsoft Visual Studio Solution File, Format Version 12.00
# Visual Studio Version 17
VisualStudioVersion = 17.10.35013.160
MinimumVisualStudioVersion = 10.0.40219.1
Project("{FAE04EC0-301F-11D3-BF4B-00C04F79EFBC}") = "Task4", "Task4.csproj", "{4BAEE0B1-AD34-4285-9667-B7C45F923F70}"
EndProject
Global
	GlobalSection(SolutionConfigurationPlatforms) = preSolution
		Debug|Any CPU = Debug|Any CPU
		Release|Any CPU = Release|Any CPU
	EndGlobalSection
	GlobalSection(ProjectConfigurationPlatforms) = postSolution
		{4BAEE0B1-AD34-4285-9667-B7C45F923F70}.Debug|Any CPU.ActiveCfg = Debug|Any CPU
		{4BAEE0B1-AD34-4285-9667-B7C45F923F70}.Debug|Any CPU.Build.0 = Debug|Any CPU
		{4BAEE0B1-AD34-4285-9667-B7C45F923F70}.Release|Any CPU.ActiveCfg = Release|Any CPU
		{4BAEE0B1-AD34-4285-9667-B7C45F923F70}.Release|Any CPU.Build.0 = Release|Any CPU
	EndGlobalSection
	GlobalSection(SolutionProperties) = preSolution
		HideSolutionNode = FALSE
	EndGlobalSection
	GlobalSection(ExtensibilityGlobals) = postSolution
		SolutionGuid = {5CB40785-3602-4D0A-9A3F-295F2C6D9571}
	EndGlobalSection
EndGlobal
